
Microsoft Visual Studio Solution File, Format Version 12.00
# Visual Studio Version 17
VisualStudioVersion = 17.11.35327.3
MinimumVisualStudioVersion = 10.0.40219.1
Project("{9A19103F-16F7-4668-BE54-9A1E7A4F7556}") = "lundry", "task1\lundry.csproj", "{BC7F5364-01BE-4DB9-9D9F-4270C3C01E13}"
EndProject
Global
	GlobalSection(SolutionConfigurationPlatforms) = preSolution
		Debug|Any CPU = Debug|Any CPU
		Release|Any CPU = Release|Any CPU
	EndGlobalSection
	GlobalSection(ProjectConfigurationPlatforms) = postSolution
		{BC7F5364-01BE-4DB9-9D9F-4270C3C01E13}.Debug|Any CPU.ActiveCfg = Debug|Any CPU
		{BC7F5364-01BE-4DB9-9D9F-4270C3C01E13}.Debug|Any CPU.Build.0 = Debug|Any CPU
		{BC7F5364-01BE-4DB9-9D9F-4270C3C01E13}.Release|Any CPU.ActiveCfg = Release|Any CPU
		{BC7F5364-01BE-4DB9-9D9F-4270C3C01E13}.Release|Any CPU.Build.0 = Release|Any CPU
	EndGlobalSection
	GlobalSection(SolutionProperties) = preSolution
		HideSolutionNode = FALSE
	EndGlobalSection
	GlobalSection(ExtensibilityGlobals) = postSolution
		SolutionGuid = {A0F7CDF0-9DE9-41FF-844C-FBB97BCE613F}
	EndGlobalSection
EndGlobal
